
Microsoft Visual Studio Solution File, Format Version 12.00
# Visual Studio 2017
Project("{FAE04EC0-301F-11D3-BF4B-00C04F79EFBC}") = "Apple Picker Project", "Apple Picker Project.csproj", "{05CA82C1-D88B-69C9-E76D-82F24A236076}"
EndProject
Global
	GlobalSection(SolutionConfigurationPlatforms) = preSolution
		Debug|Any CPU = Debug|Any CPU
		Release|Any CPU = Release|Any CPU
	EndGlobalSection
	GlobalSection(ProjectConfigurationPlatforms) = postSolution
		{05CA82C1-D88B-69C9-E76D-82F24A236076}.Debug|Any CPU.ActiveCfg = Debug|Any CPU
		{05CA82C1-D88B-69C9-E76D-82F24A236076}.Debug|Any CPU.Build.0 = Debug|Any CPU
		{05CA82C1-D88B-69C9-E76D-82F24A236076}.Release|Any CPU.ActiveCfg = Release|Any CPU
		{05CA82C1-D88B-69C9-E76D-82F24A236076}.Release|Any CPU.Build.0 = Release|Any CPU
	EndGlobalSection
	GlobalSection(SolutionProperties) = preSolution
		HideSolutionNode = FALSE
	EndGlobalSection
EndGlobal
